// !$*UTF8*$!
{
	archiveVersion = 1;
	classes = {
	};
	objectVersion = 55;
	objects = {

/* Begin PBXBuildFile section */
		5E854284285B50DC00CC5001 /* Calculator.swift in Sources */ = {isa = PBXBuildFile; fileRef = 5E854283285B50DC00CC5001 /* Calculator.swift */; };
		5EC83AB8285B3B4300699DD8 /* AppDelegate.swift in Sources */ = {isa = PBXBuildFile; fileRef = 5EC83AB7285B3B4300699DD8 /* AppDelegate.swift */; };
		5EC83ABA285B3B4300699DD8 /* SceneDelegate.swift in Sources */ = {isa = PBXBuildFile; fileRef = 5EC83AB9285B3B4300699DD8 /* SceneDelegate.swift */; };
		5EC83ABC285B3B4300699DD8 /* ViewController.swift in Sources */ = {isa = PBXBuildFile; fileRef = 5EC83ABB285B3B4300699DD8 /* ViewController.swift */; };
		5EC83ABF285B3B4300699DD8 /* Main.storyboard in Resources */ = {isa = PBXBuildFile; fileRef = 5EC83ABD285B3B4300699DD8 /* Main.storyboard */; };
		5EC83AC1285B3B4400699DD8 /* Assets.xcassets in Resources */ = {isa = PBXBuildFile; fileRef = 5EC83AC0285B3B4400699DD8 /* Assets.xcassets */; };
		5EC83AC4285B3B4400699DD8 /* LaunchScreen.storyboard in Resources */ = {isa = PBXBuildFile; fileRef = 5EC83AC2285B3B4400699DD8 /* LaunchScreen.storyboard */; };
		5EC83ACF285B3B4400699DD8 /* CalculatorTests.swift in Sources */ = {isa = PBXBuildFile; fileRef = 5EC83ACE285B3B4400699DD8 /* CalculatorTests.swift */; };
		5EC83AD9285B3B4400699DD8 /* CalculatorUITests.swift in Sources */ = {isa = PBXBuildFile; fileRef = 5EC83AD8285B3B4400699DD8 /* CalculatorUITests.swift */; };
		5EC83ADB285B3B4400699DD8 /* CalculatorUITestsLaunchTests.swift in Sources */ = {isa = PBXBuildFile; fileRef = 5EC83ADA285B3B4400699DD8 /* CalculatorUITestsLaunchTests.swift */; };
/* End PBXBuildFile section */

/* Begin PBXContainerItemProxy section */
		5EC83ACB285B3B4400699DD8 /* PBXContainerItemProxy */ = {
			isa = PBXContainerItemProxy;
			containerPortal = 5EC83AAC285B3B4300699DD8 /* Project object */;
			proxyType = 1;
			remoteGlobalIDString = 5EC83AB3285B3B4300699DD8;
			remoteInfo = Calculator;
		};
		5EC83AD5285B3B4400699DD8 /* PBXContainerItemProxy */ = {
			isa = PBXContainerItemProxy;
			containerPortal = 5EC83AAC285B3B4300699DD8 /* Project object */;
			proxyType = 1;
			remoteGlobalIDString = 5EC83AB3285B3B4300699DD8;
			remoteInfo = Calculator;
		};
/* End PBXContainerItemProxy section */

/* Begin PBXFileReference section */
		5E854283285B50DC00CC5001 /* Calculator.swift */ = {isa = PBXFileReference; lastKnownFileType = sourcecode.swift; path = Calculator.swift; sourceTree = "<group>"; };
		5EC83AB4285B3B4300699DD8 /* Calculator.app */ = {isa = PBXFileReference; explicitFileType = wrapper.application; includeInIndex = 0; path = Calculator.app; sourceTree = BUILT_PRODUCTS_DIR; };
		5EC83AB7285B3B4300699DD8 /* AppDelegate.swift */ = {isa = PBXFileReference; lastKnownFileType = sourcecode.swift; path = AppDelegate.swift; sourceTree = "<group>"; };
		5EC83AB9285B3B4300699DD8 /* SceneDelegate.swift */ = {isa = PBXFileReference; lastKnownFileType = sourcecode.swift; path = SceneDelegate.swift; sourceTree = "<group>"; };
		5EC83ABB285B3B4300699DD8 /* ViewController.swift */ = {isa = PBXFileReference; lastKnownFileType = sourcecode.swift; path = ViewController.swift; sourceTree = "<group>"; };
		5EC83ABE285B3B4300699DD8 /* Base */ = {isa = PBXFileReference; lastKnownFileType = file.storyboard; name = Base; path = Base.lproj/Main.storyboard; sourceTree = "<group>"; };
		5EC83AC0285B3B4400699DD8 /* Assets.xcassets */ = {isa = PBXFileReference; lastKnownFileType = folder.assetcatalog; path = Assets.xcassets; sourceTree = "<group>"; };
		5EC83AC3285B3B4400699DD8 /* Base */ = {isa = PBXFileReference; lastKnownFileType = file.storyboard; name = Base; path = Base.lproj/LaunchScreen.storyboard; sourceTree = "<group>"; };
		5EC83AC5285B3B4400699DD8 /* Info.plist */ = {isa = PBXFileReference; lastKnownFileType = text.plist.xml; path = Info.plist; sourceTree = "<group>"; };
		5EC83ACA285B3B4400699DD8 /* CalculatorTests.xctest */ = {isa = PBXFileReference; explicitFileType = wrapper.cfbundle; includeInIndex = 0; path = CalculatorTests.xctest; sourceTree = BUILT_PRODUCTS_DIR; };
		5EC83ACE285B3B4400699DD8 /* CalculatorTests.swift */ = {isa = PBXFileReference; lastKnownFileType = sourcecode.swift; path = CalculatorTests.swift; sourceTree = "<group>"; };
		5EC83AD4285B3B4400699DD8 /* CalculatorUITests.xctest */ = {isa = PBXFileReference; explicitFileType = wrapper.cfbundle; includeInIndex = 0; path = CalculatorUITests.xctest; sourceTree = BUILT_PRODUCTS_DIR; };
		5EC83AD8285B3B4400699DD8 /* CalculatorUITests.swift */ = {isa = PBXFileReference; lastKnownFileType = sourcecode.swift; path = CalculatorUITests.swift; sourceTree = "<group>"; };
		5EC83ADA285B3B4400699DD8 /* CalculatorUITestsLaunchTests.swift */ = {isa = PBXFileReference; lastKnownFileType = sourcecode.swift; path = CalculatorUITestsLaunchTests.swift; sourceTree = "<group>"; };
/* End PBXFileReference section */

/* Begin PBXFrameworksBuildPhase section */
		5EC83AB1285B3B4300699DD8 /* Frameworks */ = {
			isa = PBXFrameworksBuildPhase;
			buildActionMask = 2147483647;
			files = (
			);
			runOnlyForDeploymentPostprocessing = 0;
		};
		5EC83AC7285B3B4400699DD8 /* Frameworks */ = {
			isa = PBXFrameworksBuildPhase;
			buildActionMask = 2147483647;
			files = (
			);
			runOnlyForDeploymentPostprocessing = 0;
		};
		5EC83AD1285B3B4400699DD8 /* Frameworks */ = {
			isa = PBXFrameworksBuildPhase;
			buildActionMask = 2147483647;
			files = (
			);
			runOnlyForDeploymentPostprocessing = 0;
		};
/* End PBXFrameworksBuildPhase section */

/* Begin PBXGroup section */
		5E854282285B50CE00CC5001 /* Model */ = {
			isa = PBXGroup;
			children = (
				5E854283285B50DC00CC5001 /* Calculator.swift */,
			);
			path = Model;
			sourceTree = "<group>";
		};
		5EC83AAB285B3B4300699DD8 = {
			isa = PBXGroup;
			children = (
				5EC83AB6285B3B4300699DD8 /* Calculator */,
				5EC83ACD285B3B4400699DD8 /* CalculatorTests */,
				5EC83AD7285B3B4400699DD8 /* CalculatorUITests */,
				5EC83AB5285B3B4300699DD8 /* Products */,
			);
			sourceTree = "<group>";
		};
		5EC83AB5285B3B4300699DD8 /* Products */ = {
			isa = PBXGroup;
			children = (
				5EC83AB4285B3B4300699DD8 /* Calculator.app */,
				5EC83ACA285B3B4400699DD8 /* CalculatorTests.xctest */,
				5EC83AD4285B3B4400699DD8 /* CalculatorUITests.xctest */,
			);
			name = Products;
			sourceTree = "<group>";
		};
		5EC83AB6285B3B4300699DD8 /* Calculator */ = {
			isa = PBXGroup;
			children = (
				5EC83AB7285B3B4300699DD8 /* AppDelegate.swift */,
				5EC83AB9285B3B4300699DD8 /* SceneDelegate.swift */,
				5EC83ABB285B3B4300699DD8 /* ViewController.swift */,
				5E854282285B50CE00CC5001 /* Model */,
				5EC83ABD285B3B4300699DD8 /* Main.storyboard */,
				5EC83AC0285B3B4400699DD8 /* Assets.xcassets */,
				5EC83AC2285B3B4400699DD8 /* LaunchScreen.storyboard */,
				5EC83AC5285B3B4400699DD8 /* Info.plist */,
			);
			path = Calculator;
			sourceTree = "<group>";
		};
		5EC83ACD285B3B4400699DD8 /* CalculatorTests */ = {
			isa = PBXGroup;
			children = (
				5EC83ACE285B3B4400699DD8 /* CalculatorTests.swift */,
			);
			path = CalculatorTests;
			sourceTree = "<group>";
		};
		5EC83AD7285B3B4400699DD8 /* CalculatorUITests */ = {
			isa = PBXGroup;
			children = (
				5EC83AD8285B3B4400699DD8 /* CalculatorUITests.swift */,
				5EC83ADA285B3B4400699DD8 /* CalculatorUITestsLaunchTests.swift */,
			);
			path = CalculatorUITests;
			sourceTree = "<group>";
		};
/* End PBXGroup section */

/* Begin PBXNativeTarget section */
		5EC83AB3285B3B4300699DD8 /* Calculator */ = {
			isa = PBXNativeTarget;
			buildConfigurationList = 5EC83ADE285B3B4400699DD8 /* Build configuration list for PBXNativeTarget "Calculator" */;
			buildPhases = (
				5EC83AB0285B3B4300699DD8 /* Sources */,
				5EC83AB1285B3B4300699DD8 /* Frameworks */,
				5EC83AB2285B3B4300699DD8 /* Resources */,
			);
			buildRules = (
			);
			dependencies = (
			);
			name = Calculator;
			productName = Calculator;
			productReference = 5EC83AB4285B3B4300699DD8 /* Calculator.app */;
			productType = "com.apple.product-type.application";
		};
		5EC83AC9285B3B4400699DD8 /* CalculatorTests */ = {
			isa = PBXNativeTarget;
			buildConfigurationList = 5EC83AE1285B3B4400699DD8 /* Build configuration list for PBXNativeTarget "CalculatorTests" */;
			buildPhases = (
				5EC83AC6285B3B4400699DD8 /* Sources */,
				5EC83AC7285B3B4400699DD8 /* Frameworks */,
				5EC83AC8285B3B4400699DD8 /* Resources */,
			);
			buildRules = (
			);
			dependencies = (
				5EC83ACC285B3B4400699DD8 /* PBXTargetDependency */,
			);
			name = CalculatorTests;
			productName = CalculatorTests;
			productReference = 5EC83ACA285B3B4400699DD8 /* CalculatorTests.xctest */;
			productType = "com.apple.product-type.bundle.unit-test";
		};
		5EC83AD3285B3B4400699DD8 /* CalculatorUITests */ = {
			isa = PBXNativeTarget;
			buildConfigurationList = 5EC83AE4285B3B4400699DD8 /* Build configuration list for PBXNativeTarget "CalculatorUITests" */;
			buildPhases = (
				5EC83AD0285B3B4400699DD8 /* Sources */,
				5EC83AD1285B3B4400699DD8 /* Frameworks */,
				5EC83AD2285B3B4400699DD8 /* Resources */,
			);
			buildRules = (
			);
			dependencies = (
				5EC83AD6285B3B4400699DD8 /* PBXTargetDependency */,
			);
			name = CalculatorUITests;
			productName = CalculatorUITests;
			productReference = 5EC83AD4285B3B4400699DD8 /* CalculatorUITests.xctest */;
			productType = "com.apple.product-type.bundle.ui-testing";
		};
/* End PBXNativeTarget section */

/* Begin PBXProject section */
		5EC83AAC285B3B4300699DD8 /* Project object */ = {
			isa = PBXProject;
			attributes = {
				BuildIndependentTargetsInParallel = 1;
				LastSwiftUpdateCheck = 1330;
				LastUpgradeCheck = 1330;
				TargetAttributes = {
					5EC83AB3285B3B4300699DD8 = {
						CreatedOnToolsVersion = 13.3;
					};
					5EC83AC9285B3B4400699DD8 = {
						CreatedOnToolsVersion = 13.3;
						TestTargetID = 5EC83AB3285B3B4300699DD8;
					};
					5EC83AD3285B3B4400699DD8 = {
						CreatedOnToolsVersion = 13.3;
						TestTargetID = 5EC83AB3285B3B4300699DD8;
					};
				};
			};
			buildConfigurationList = 5EC83AAF285B3B4300699DD8 /* Build configuration list for PBXProject "Calculator" */;
			compatibilityVersion = "Xcode 13.0";
			developmentRegion = en;
			hasScannedForEncodings = 0;
			knownRegions = (
				en,
				Base,
			);
			mainGroup = 5EC83AAB285B3B4300699DD8;
			productRefGroup = 5EC83AB5285B3B4300699DD8 /* Products */;
			projectDirPath = "";
			projectRoot = "";
			targets = (
				5EC83AB3285B3B4300699DD8 /* Calculator */,
				5EC83AC9285B3B4400699DD8 /* CalculatorTests */,
				5EC83AD3285B3B4400699DD8 /* CalculatorUITests */,
			);
		};
/* End PBXProject section */

/* Begin PBXResourcesBuildPhase section */
		5EC83AB2285B3B4300699DD8 /* Resources */ = {
			isa = PBXResourcesBuildPhase;
			buildActionMask = 2147483647;
			files = (
				5EC83AC4285B3B4400699DD8 /* LaunchScreen.storyboard in Resources */,
				5EC83AC1285B3B4400699DD8 /* Assets.xcassets in Resources */,
				5EC83ABF285B3B4300699DD8 /* Main.storyboard in Resources */,
			);
			runOnlyForDeploymentPostprocessing = 0;
		};
		5EC83AC8285B3B4400699DD8 /* Resources */ = {
			isa = PBXResourcesBuildPhase;
			buildActionMask = 2147483647;
			files = (
			);
			runOnlyForDeploymentPostprocessing = 0;
		};
		5EC83AD2285B3B4400699DD8 /* Resources */ = {
			isa = PBXResourcesBuildPhase;
			buildActionMask = 2147483647;
			files = (
			);
			runOnlyForDeploymentPostprocessing = 0;
		};
/* End PBXResourcesBuildPhase section */

/* Begin PBXSourcesBuildPhase section */
		5EC83AB0285B3B4300699DD8 /* Sources */ = {
			isa = PBXSourcesBuildPhase;
			buildActionMask = 2147483647;
			files = (
				5EC83ABC285B3B4300699DD8 /* ViewController.swift in Sources */,
				5E854284285B50DC00CC5001 /* Calculator.swift in Sources */,
				5EC83AB8285B3B4300699DD8 /* AppDelegate.swift in Sources */,
				5EC83ABA285B3B4300699DD8 /* SceneDelegate.swift in Sources */,
			);
			runOnlyForDeploymentPostprocessing = 0;
		};
		5EC83AC6285B3B4400699DD8 /* Sources */ = {
			isa = PBXSourcesBuildPhase;
			buildActionMask = 2147483647;
			files = (
				5EC83ACF285B3B4400699DD8 /* CalculatorTests.swift in Sources */,
			);
			runOnlyForDeploymentPostprocessing = 0;
		};
		5EC83AD0285B3B4400699DD8 /* Sources */ = {
			isa = PBXSourcesBuildPhase;
			buildActionMask = 2147483647;
			files = (
				5EC83ADB285B3B4400699DD8 /* CalculatorUITestsLaunchTests.swift in Sources */,
				5EC83AD9285B3B4400699DD8 /* CalculatorUITests.swift in Sources */,
			);
			runOnlyForDeploymentPostprocessing = 0;
		};
/* End PBXSourcesBuildPhase section */

/* Begin PBXTargetDependency section */
		5EC83ACC285B3B4400699DD8 /* PBXTargetDependency */ = {
			isa = PBXTargetDependency;
			target = 5EC83AB3285B3B4300699DD8 /* Calculator */;
			targetProxy = 5EC83ACB285B3B4400699DD8 /* PBXContainerItemProxy */;
		};
		5EC83AD6285B3B4400699DD8 /* PBXTargetDependency */ = {
			isa = PBXTargetDependency;
			target = 5EC83AB3285B3B4300699DD8 /* Calculator */;
			targetProxy = 5EC83AD5285B3B4400699DD8 /* PBXContainerItemProxy */;
		};
/* End PBXTargetDependency section */

/* Begin PBXVariantGroup section */
		5EC83ABD285B3B4300699DD8 /* Main.storyboard */ = {
			isa = PBXVariantGroup;
			children = (
				5EC83ABE285B3B4300699DD8 /* Base */,
			);
			name = Main.storyboard;
			sourceTree = "<group>";
		};
		5EC83AC2285B3B4400699DD8 /* LaunchScreen.storyboard */ = {
			isa = PBXVariantGroup;
			children = (
				5EC83AC3285B3B4400699DD8 /* Base */,
			);
			name = LaunchScreen.storyboard;
			sourceTree = "<group>";
		};
/* End PBXVariantGroup section */

/* Begin XCBuildConfiguration section */
		5EC83ADC285B3B4400699DD8 /* Debug */ = {
			isa = XCBuildConfiguration;
			buildSettings = {
				ALWAYS_SEARCH_USER_PATHS = NO;
				CLANG_ANALYZER_NONNULL = YES;
				CLANG_ANALYZER_NUMBER_OBJECT_CONVERSION = YES_AGGRESSIVE;
				CLANG_CXX_LANGUAGE_STANDARD = "gnu++17";
				CLANG_ENABLE_MODULES = YES;
				CLANG_ENABLE_OBJC_ARC = YES;
				CLANG_ENABLE_OBJC_WEAK = YES;
				CLANG_WARN_BLOCK_CAPTURE_AUTORELEASING = YES;
				CLANG_WARN_BOOL_CONVERSION = YES;
				CLANG_WARN_COMMA = YES;
				CLANG_WARN_CONSTANT_CONVERSION = YES;
				CLANG_WARN_DEPRECATED_OBJC_IMPLEMENTATIONS = YES;
				CLANG_WARN_DIRECT_OBJC_ISA_USAGE = YES_ERROR;
				CLANG_WARN_DOCUMENTATION_COMMENTS = YES;
				CLANG_WARN_EMPTY_BODY = YES;
				CLANG_WARN_ENUM_CONVERSION = YES;
				CLANG_WARN_INFINITE_RECURSION = YES;
				CLANG_WARN_INT_CONVERSION = YES;
				CLANG_WARN_NON_LITERAL_NULL_CONVERSION = YES;
				CLANG_WARN_OBJC_IMPLICIT_RETAIN_SELF = YES;
				CLANG_WARN_OBJC_LITERAL_CONVERSION = YES;
				CLANG_WARN_OBJC_ROOT_CLASS = YES_ERROR;
				CLANG_WARN_QUOTED_INCLUDE_IN_FRAMEWORK_HEADER = YES;
				CLANG_WARN_RANGE_LOOP_ANALYSIS = YES;
				CLANG_WARN_STRICT_PROTOTYPES = YES;
				CLANG_WARN_SUSPICIOUS_MOVE = YES;
				CLANG_WARN_UNGUARDED_AVAILABILITY = YES_AGGRESSIVE;
				CLANG_WARN_UNREACHABLE_CODE = YES;
				CLANG_WARN__DUPLICATE_METHOD_MATCH = YES;
				COPY_PHASE_STRIP = NO;
				DEBUG_INFORMATION_FORMAT = dwarf;
				ENABLE_STRICT_OBJC_MSGSEND = YES;
				ENABLE_TESTABILITY = YES;
				GCC_C_LANGUAGE_STANDARD = gnu11;
				GCC_DYNAMIC_NO_PIC = NO;
				GCC_NO_COMMON_BLOCKS = YES;
				GCC_OPTIMIZATION_LEVEL = 0;
				GCC_PREPROCESSOR_DEFINITIONS = (
					"DEBUG=1",
					"$(inherited)",
				);
				GCC_WARN_64_TO_32_BIT_CONVERSION = YES;
				GCC_WARN_ABOUT_RETURN_TYPE = YES_ERROR;
				GCC_WARN_UNDECLARED_SELECTOR = YES;
				GCC_WARN_UNINITIALIZED_AUTOS = YES_AGGRESSIVE;
				GCC_WARN_UNUSED_FUNCTION = YES;
				GCC_WARN_UNUSED_VARIABLE = YES;
				IPHONEOS_DEPLOYMENT_TARGET = 15.4;
				MTL_ENABLE_DEBUG_INFO = INCLUDE_SOURCE;
				MTL_FAST_MATH = YES;
				ONLY_ACTIVE_ARCH = YES;
				SDKROOT = iphoneos;
				SWIFT_ACTIVE_COMPILATION_CONDITIONS = DEBUG;
				SWIFT_OPTIMIZATION_LEVEL = "-Onone";
			};
			name = Debug;
		};
		5EC83ADD285B3B4400699DD8 /* Release */ = {
			isa = XCBuildConfiguration;
			buildSettings = {
				ALWAYS_SEARCH_USER_PATHS = NO;
				CLANG_ANALYZER_NONNULL = YES;
				CLANG_ANALYZER_NUMBER_OBJECT_CONVERSION = YES_AGGRESSIVE;
				CLANG_CXX_LANGUAGE_STANDARD = "gnu++17";
				CLANG_ENABLE_MODULES = YES;
				CLANG_ENABLE_OBJC_ARC = YES;
				CLANG_ENABLE_OBJC_WEAK = YES;
				CLANG_WARN_BLOCK_CAPTURE_AUTORELEASING = YES;
				CLANG_WARN_BOOL_CONVERSION = YES;
				CLANG_WARN_COMMA = YES;
				CLANG_WARN_CONSTANT_CONVERSION = YES;
				CLANG_WARN_DEPRECATED_OBJC_IMPLEMENTATIONS = YES;
				CLANG_WARN_DIRECT_OBJC_ISA_USAGE = YES_ERROR;
				CLANG_WARN_DOCUMENTATION_COMMENTS = YES;
				CLANG_WARN_EMPTY_BODY = YES;
				CLANG_WARN_ENUM_CONVERSION = YES;
				CLANG_WARN_INFINITE_RECURSION = YES;
				CLANG_WARN_INT_CONVERSION = YES;
				CLANG_WARN_NON_LITERAL_NULL_CONVERSION = YES;
				CLANG_WARN_OBJC_IMPLICIT_RETAIN_SELF = YES;
				CLANG_WARN_OBJC_LITERAL_CONVERSION = YES;
				CLANG_WARN_OBJC_ROOT_CLASS = YES_ERROR;
				CLANG_WARN_QUOTED_INCLUDE_IN_FRAMEWORK_HEADER = YES;
				CLANG_WARN_RANGE_LOOP_ANALYSIS = YES;
				CLANG_WARN_STRICT_PROTOTYPES = YES;
				CLANG_WARN_SUSPICIOUS_MOVE = YES;
				CLANG_WARN_UNGUARDED_AVAILABILITY = YES_AGGRESSIVE;
				CLANG_WARN_UNREACHABLE_CODE = YES;
				CLANG_WARN__DUPLICATE_METHOD_MATCH = YES;
				COPY_PHASE_STRIP = NO;
				DEBUG_INFORMATION_FORMAT = "dwarf-with-dsym";
				ENABLE_NS_ASSERTIONS = NO;
				ENABLE_STRICT_OBJC_MSGSEND = YES;
				GCC_C_LANGUAGE_STANDARD = gnu11;
				GCC_NO_COMMON_BLOCKS = YES;
				GCC_WARN_64_TO_32_BIT_CONVERSION = YES;
				GCC_WARN_ABOUT_RETURN_TYPE = YES_ERROR;
				GCC_WARN_UNDECLARED_SELECTOR = YES;
				GCC_WARN_UNINITIALIZED_AUTOS = YES_AGGRESSIVE;
				GCC_WARN_UNUSED_FUNCTION = YES;
				GCC_WARN_UNUSED_VARIABLE = YES;
				IPHONEOS_DEPLOYMENT_TARGET = 15.4;
				MTL_ENABLE_DEBUG_INFO = NO;
				MTL_FAST_MATH = YES;
				SDKROOT = iphoneos;
				SWIFT_COMPILATION_MODE = wholemodule;
				SWIFT_OPTIMIZATION_LEVEL = "-O";
				VALIDATE_PRODUCT = YES;
			};
			name = Release;
		};
		5EC83ADF285B3B4400699DD8 /* Debug */ = {
			isa = XCBuildConfiguration;
			buildSettings = {
				ASSETCATALOG_COMPILER_APPICON_NAME = AppIcon;
				ASSETCATALOG_COMPILER_GLOBAL_ACCENT_COLOR_NAME = AccentColor;
				CODE_SIGN_STYLE = Automatic;
				CURRENT_PROJECT_VERSION = 1;
				DEVELOPMENT_TEAM = QNY927L322;
				GENERATE_INFOPLIST_FILE = YES;
				INFOPLIST_FILE = Calculator/Info.plist;
				INFOPLIST_KEY_UIApplicationSupportsIndirectInputEvents = YES;
				INFOPLIST_KEY_UILaunchStoryboardName = LaunchScreen;
				INFOPLIST_KEY_UIMainStoryboardFile = Main;
				INFOPLIST_KEY_UISupportedInterfaceOrientations_iPad = "UIInterfaceOrientationPortrait UIInterfaceOrientationPortraitUpsideDown UIInterfaceOrientationLandscapeLeft UIInterfaceOrientationLandscapeRight";
				INFOPLIST_KEY_UISupportedInterfaceOrientations_iPhone = "UIInterfaceOrientationPortrait UIInterfaceOrientationLandscapeLeft UIInterfaceOrientationLandscapeRight";
				LD_RUNPATH_SEARCH_PATHS = (
					"$(inherited)",
					"@executable_path/Frameworks",
				);
				MARKETING_VERSION = 1.0;
				PRODUCT_BUNDLE_IDENTIFIER = "-1.Calculator";
				PRODUCT_NAME = "$(TARGET_NAME)";
				SWIFT_EMIT_LOC_STRINGS = YES;
				SWIFT_VERSION = 5.0;
				TARGETED_DEVICE_FAMILY = "1,2";
			};
			name = Debug;
		};
		5EC83AE0285B3B4400699DD8 /* Release */ = {
			isa = XCBuildConfiguration;
			buildSettings = {
				ASSETCATALOG_COMPILER_APPICON_NAME = AppIcon;
				ASSETCATALOG_COMPILER_GLOBAL_ACCENT_COLOR_NAME = AccentColor;
				CODE_SIGN_STYLE = Automatic;
				CURRENT_PROJECT_VERSION = 1;
				DEVELOPMENT_TEAM = QNY927L322;
				GENERATE_INFOPLIST_FILE = YES;
				INFOPLIST_FILE = Calculator/Info.plist;
				INFOPLIST_KEY_UIApplicationSupportsIndirectInputEvents = YES;
				INFOPLIST_KEY_UILaunchStoryboardName = LaunchScreen;
				INFOPLIST_KEY_UIMainStoryboardFile = Main;
				INFOPLIST_KEY_UISupportedInterfaceOrientations_iPad = "UIInterfaceOrientationPortrait UIInterfaceOrientationPortraitUpsideDown UIInterfaceOrientationLandscapeLeft UIInterfaceOrientationLandscapeRight";
				INFOPLIST_KEY_UISupportedInterfaceOrientations_iPhone = "UIInterfaceOrientationPortrait UIInterfaceOrientationLandscapeLeft UIInterfaceOrientationLandscapeRight";
				LD_RUNPATH_SEARCH_PATHS = (
					"$(inherited)",
					"@executable_path/Frameworks",
				);
				MARKETING_VERSION = 1.0;
				PRODUCT_BUNDLE_IDENTIFIER = "-1.Calculator";
				PRODUCT_NAME = "$(TARGET_NAME)";
				SWIFT_EMIT_LOC_STRINGS = YES;
				SWIFT_VERSION = 5.0;
				TARGETED_DEVICE_FAMILY = "1,2";
			};
			name = Release;
		};
		5EC83AE2285B3B4400699DD8 /* Debug */ = {
			isa = XCBuildConfiguration;
			buildSettings = {
				ALWAYS_EMBED_SWIFT_STANDARD_LIBRARIES = YES;
				BUNDLE_LOADER = "$(TEST_HOST)";
				CODE_SIGN_STYLE = Automatic;
				CURRENT_PROJECT_VERSION = 1;
				DEVELOPMENT_TEAM = QNY927L322;
				GENERATE_INFOPLIST_FILE = YES;
				IPHONEOS_DEPLOYMENT_TARGET = 15.4;
				MARKETING_VERSION = 1.0;
				PRODUCT_BUNDLE_IDENTIFIER = "-1.CalculatorTests";
				PRODUCT_NAME = "$(TARGET_NAME)";
				SWIFT_EMIT_LOC_STRINGS = NO;
				SWIFT_VERSION = 5.0;
				TARGETED_DEVICE_FAMILY = "1,2";
				TEST_HOST = "$(BUILT_PRODUCTS_DIR)/Calculator.app/Calculator";
			};
			name = Debug;
		};
		5EC83AE3285B3B4400699DD8 /* Release */ = {
			isa = XCBuildConfiguration;
			buildSettings = {
				ALWAYS_EMBED_SWIFT_STANDARD_LIBRARIES = YES;
				BUNDLE_LOADER = "$(TEST_HOST)";
				CODE_SIGN_STYLE = Automatic;
				CURRENT_PROJECT_VERSION = 1;
				DEVELOPMENT_TEAM = QNY927L322;
				GENERATE_INFOPLIST_FILE = YES;
				IPHONEOS_DEPLOYMENT_TARGET = 15.4;
				MARKETING_VERSION = 1.0;
				PRODUCT_BUNDLE_IDENTIFIER = "-1.CalculatorTests";
				PRODUCT_NAME = "$(TARGET_NAME)";
				SWIFT_EMIT_LOC_STRINGS = NO;
				SWIFT_VERSION = 5.0;
				TARGETED_DEVICE_FAMILY = "1,2";
				TEST_HOST = "$(BUILT_PRODUCTS_DIR)/Calculator.app/Calculator";
			};
			name = Release;
		};
		5EC83AE5285B3B4400699DD8 /* Debug */ = {
			isa = XCBuildConfiguration;
			buildSettings = {
				ALWAYS_EMBED_SWIFT_STANDARD_LIBRARIES = YES;
				CODE_SIGN_STYLE = Automatic;
				CURRENT_PROJECT_VERSION = 1;
				DEVELOPMENT_TEAM = QNY927L322;
				GENERATE_INFOPLIST_FILE = YES;
				MARKETING_VERSION = 1.0;
				PRODUCT_BUNDLE_IDENTIFIER = "-1.CalculatorUITests";
				PRODUCT_NAME = "$(TARGET_NAME)";
				SWIFT_EMIT_LOC_STRINGS = NO;
				SWIFT_VERSION = 5.0;
				TARGETED_DEVICE_FAMILY = "1,2";
				TEST_TARGET_NAME = Calculator;
			};
			name = Debug;
		};
		5EC83AE6285B3B4400699DD8 /* Release */ = {
			isa = XCBuildConfiguration;
			buildSettings = {
				ALWAYS_EMBED_SWIFT_STANDARD_LIBRARIES = YES;
				CODE_SIGN_STYLE = Automatic;
				CURRENT_PROJECT_VERSION = 1;
				DEVELOPMENT_TEAM = QNY927L322;
				GENERATE_INFOPLIST_FILE = YES;
				MARKETING_VERSION = 1.0;
				PRODUCT_BUNDLE_IDENTIFIER = "-1.CalculatorUITests";
				PRODUCT_NAME = "$(TARGET_NAME)";
				SWIFT_EMIT_LOC_STRINGS = NO;
				SWIFT_VERSION = 5.0;
				TARGETED_DEVICE_FAMILY = "1,2";
				TEST_TARGET_NAME = Calculator;
			};
			name = Release;
		};
/* End XCBuildConfiguration section */

/* Begin XCConfigurationList section */
		5EC83AAF285B3B4300699DD8 /* Build configuration list for PBXProject "Calculator" */ = {
			isa = XCConfigurationList;
			buildConfigurations = (
				5EC83ADC285B3B4400699DD8 /* Debug */,
				5EC83ADD285B3B4400699DD8 /* Release */,
			);
			defaultConfigurationIsVisible = 0;
			defaultConfigurationName = Release;
		};
		5EC83ADE285B3B4400699DD8 /* Build configuration list for PBXNativeTarget "Calculator" */ = {
			isa = XCConfigurationList;
			buildConfigurations = (
				5EC83ADF285B3B4400699DD8 /* Debug */,
				5EC83AE0285B3B4400699DD8 /* Release */,
			);
			defaultConfigurationIsVisible = 0;
			defaultConfigurationName = Release;
		};
		5EC83AE1285B3B4400699DD8 /* Build configuration list for PBXNativeTarget "CalculatorTests" */ = {
			isa = XCConfigurationList;
			buildConfigurations = (
				5EC83AE2285B3B4400699DD8 /* Debug */,
				5EC83AE3285B3B4400699DD8 /* Release */,
			);
			defaultConfigurationIsVisible = 0;
			defaultConfigurationName = Release;
		};
		5EC83AE4285B3B4400699DD8 /* Build configuration list for PBXNativeTarget "CalculatorUITests" */ = {
			isa = XCConfigurationList;
			buildConfigurations = (
				5EC83AE5285B3B4400699DD8 /* Debug */,
				5EC83AE6285B3B4400699DD8 /* Release */,
			);
			defaultConfigurationIsVisible = 0;
			defaultConfigurationName = Release;
		};
/* End XCConfigurationList section */
	};
	rootObject = 5EC83AAC285B3B4300699DD8 /* Project object */;
}
